{
  "name": "ezekit",
  "version": "1.0.0",
  "lockfileVersion": 2,
  "requires": true,
  "packages": {
    "": {
      "version": "1.0.0",
      "license": "ISC",
      "dependencies": {
        "@vimeo/player": "^2.15.3",
        "dayjs": "^1.10.5",
        "file-size": "^1.0.0",
        "svelte": "^3.38.2"
      }
    },
    "node_modules/@vimeo/player": {
      "version": "2.15.3",
      "resolved": "https://registry.npmjs.org/@vimeo/player/-/player-2.15.3.tgz",
      "integrity": "sha512-pLOFTKYL6N3wUKj5WpCF5pNGHov/3MausV9tKWXP6ko7+mq4pvlSJLSHCn1vokN71USSwHFnOaZjcMMjK6R79g==",
      "dependencies": {
        "native-promise-only": "0.8.1",
        "weakmap-polyfill": "2.0.1"
      }
    },
    "node_modules/dayjs": {
      "version": "1.10.6",
      "resolved": "https://registry.npmjs.org/dayjs/-/dayjs-1.10.6.tgz",
      "integrity": "sha512-AztC/IOW4L1Q41A86phW5Thhcrco3xuAA+YX/BLpLWWjRcTj5TOt/QImBLmCKlrF7u7k47arTnOyL6GnbG8Hvw=="
    },
    "node_modules/file-size": {
      "version": "1.0.0",
      "resolved": "https://registry.npmjs.org/file-size/-/file-size-1.0.0.tgz",
      "integrity": "sha1-MzgmfV0ga79g9N9gwZ1+04E6Rlc="
    },
    "node_modules/native-promise-only": {
      "version": "0.8.1",
      "resolved": "https://registry.npmjs.org/native-promise-only/-/native-promise-only-0.8.1.tgz",
      "integrity": "sha1-IKMYwwy0X3H+et+/eyHJnBRy7xE="
    },
    "node_modules/svelte": {
      "version": "3.38.3",
      "resolved": "https://registry.npmjs.org/svelte/-/svelte-3.38.3.tgz",
      "integrity": "sha512-N7bBZJH0iF24wsalFZF+fVYMUOigaAUQMIcEKHO3jstK/iL8VmP9xE+P0/a76+FkNcWt+TDv2Gx1taUoUscrvw==",
      "engines": {
        "node": ">= 8"
      }
    },
    "node_modules/weakmap-polyfill": {
      "version": "2.0.1",
      "resolved": "https://registry.npmjs.org/weakmap-polyfill/-/weakmap-polyfill-2.0.1.tgz",
      "integrity": "sha512-Jy177Lvb1LCrPQDWJsXyyqf4eOhcdvQHFGoCqSv921kVF5i42MVbr4e2WEwetuTLBn1NX0IhPzTmMu0N3cURqQ==",
      "engines": {
        "node": ">=8.10.0"
      }
    }
  },
  "dependencies": {
    "@vimeo/player": {
      "version": "2.15.3",
      "resolved": "https://registry.npmjs.org/@vimeo/player/-/player-2.15.3.tgz",
      "integrity": "sha512-pLOFTKYL6N3wUKj5WpCF5pNGHov/3MausV9tKWXP6ko7+mq4pvlSJLSHCn1vokN71USSwHFnOaZjcMMjK6R79g==",
      "requires": {
        "native-promise-only": "0.8.1",
        "weakmap-polyfill": "2.0.1"
      }
    },
    "dayjs": {
      "version": "1.10.6",
      "resolved": "https://registry.npmjs.org/dayjs/-/dayjs-1.10.6.tgz",
      "integrity": "sha512-AztC/IOW4L1Q41A86phW5Thhcrco3xuAA+YX/BLpLWWjRcTj5TOt/QImBLmCKlrF7u7k47arTnOyL6GnbG8Hvw=="
    },
    "file-size": {
      "version": "1.0.0",
      "resolved": "https://registry.npmjs.org/file-size/-/file-size-1.0.0.tgz",
      "integrity": "sha1-MzgmfV0ga79g9N9gwZ1+04E6Rlc="
    },
    "native-promise-only": {
      "version": "0.8.1",
      "resolved": "https://registry.npmjs.org/native-promise-only/-/native-promise-only-0.8.1.tgz",
      "integrity": "sha1-IKMYwwy0X3H+et+/eyHJnBRy7xE="
    },
    "svelte": {
      "version": "3.38.3",
      "resolved": "https://registry.npmjs.org/svelte/-/svelte-3.38.3.tgz",
      "integrity": "sha512-N7bBZJH0iF24wsalFZF+fVYMUOigaAUQMIcEKHO3jstK/iL8VmP9xE+P0/a76+FkNcWt+TDv2Gx1taUoUscrvw=="
    },
    "weakmap-polyfill": {
      "version": "2.0.1",
      "resolved": "https://registry.npmjs.org/weakmap-polyfill/-/weakmap-polyfill-2.0.1.tgz",
      "integrity": "sha512-Jy177Lvb1LCrPQDWJsXyyqf4eOhcdvQHFGoCqSv921kVF5i42MVbr4e2WEwetuTLBn1NX0IhPzTmMu0N3cURqQ=="
    }
  }
}
